
Microsoft Visual Studio Solution File, Format Version 12.00
# Visual Studio Version 17
VisualStudioVersion = 17.4.33213.308
MinimumVisualStudioVersion = 10.0.40219.1
Project("{9A19103F-16F7-4668-BE54-9A1E7A4F7556}") = "ITS.Callback.Web", "ITS.Callback.Web.csproj", "{0961825E-D63E-4328-B6C8-547F3AD0A15A}"
EndProject
Global
	GlobalSection(SolutionConfigurationPlatforms) = preSolution
		Debug|Any CPU = Debug|Any CPU
		Release|Any CPU = Release|Any CPU
	EndGlobalSection
	GlobalSection(ProjectConfigurationPlatforms) = postSolution
		{0961825E-D63E-4328-B6C8-547F3AD0A15A}.Debug|Any CPU.ActiveCfg = Debug|Any CPU
		{0961825E-D63E-4328-B6C8-547F3AD0A15A}.Debug|Any CPU.Build.0 = Debug|Any CPU
		{0961825E-D63E-4328-B6C8-547F3AD0A15A}.Release|Any CPU.ActiveCfg = Release|Any CPU
		{0961825E-D63E-4328-B6C8-547F3AD0A15A}.Release|Any CPU.Build.0 = Release|Any CPU
	EndGlobalSection
	GlobalSection(SolutionProperties) = preSolution
		HideSolutionNode = FALSE
	EndGlobalSection
	GlobalSection(ExtensibilityGlobals) = postSolution
		SolutionGuid = {3276F9C1-3335-4B0C-B1C4-964D47785E21}
	EndGlobalSection
EndGlobal
